
Microsoft Visual Studio Solution File, Format Version 12.00
Project("{FAE04EC0-301F-11D3-BF4B-00C04F79EFBC}") = "WebApp", "WebApp\WebApp.csproj", "{FE649CDB-CCB5-4B1D-B457-0CF70AAC9718}"
EndProject
Project("{FAE04EC0-301F-11D3-BF4B-00C04F79EFBC}") = "App.Domain", "App.Domain\App.Domain.csproj", "{684CCC8F-E62A-43A1-8E1E-3C40C2A33855}"
EndProject
Project("{FAE04EC0-301F-11D3-BF4B-00C04F79EFBC}") = "Base.Domain", "Base.Domain\Base.Domain.csproj", "{9391C3AE-D3E8-42DD-B727-75F1325693E1}"
EndProject
Project("{2150E333-8FDC-42A3-9474-1A3956D46DE8}") = "1_App", "1_App", "{CAA8CD28-08DB-42F3-9E22-847CD3299A17}"
EndProject
Project("{2150E333-8FDC-42A3-9474-1A3956D46DE8}") = "2_Base", "2_Base", "{7AC811FD-E44D-401E-9F6B-1E37F44A7604}"
EndProject
Project("{2150E333-8FDC-42A3-9474-1A3956D46DE8}") = "0_Solution_Items", "0_Solution_Items", "{1525A456-414A-4963-BA9D-C9FF96BBBC3F}"
	ProjectSection(SolutionItems) = preProject
		README.md = README.md
		docker-compose.yml = docker-compose.yml
		Directory.Build.props = Directory.Build.props
		.gitignore = .gitignore
		Dockerfile = Dockerfile
		.dockerignore = .dockerignore
		..\.gitlab-ci.yml = ..\.gitlab-ci.yml
	EndProjectSection
EndProject
Project("{FAE04EC0-301F-11D3-BF4B-00C04F79EFBC}") = "Base.Contracts.Domain", "Base.Contracts.Domain\Base.Contracts.Domain.csproj", "{39FAE350-A60F-4F17-A5BD-EB461046B15D}"
EndProject
Project("{FAE04EC0-301F-11D3-BF4B-00C04F79EFBC}") = "App.DAL.EF", "App.DAL.EF\App.DAL.EF.csproj", "{F8E00667-5318-4A16-9765-7B4908F5F964}"
EndProject
Project("{FAE04EC0-301F-11D3-BF4B-00C04F79EFBC}") = "Base.Contracts.DAL", "Base.Contracts.DAL\Base.Contracts.DAL.csproj", "{BCA70960-D47F-4D25-81B1-BCADD471B04D}"
EndProject
Project("{FAE04EC0-301F-11D3-BF4B-00C04F79EFBC}") = "Base.DAL.EF", "Base.DAL.EF\Base.DAL.EF.csproj", "{A6BD85FF-AC62-4AE5-BBC6-3519B3F479E6}"
EndProject
Project("{FAE04EC0-301F-11D3-BF4B-00C04F79EFBC}") = "App.Contracts.DAL", "App.Contracts.DAL\App.Contracts.DAL.csproj", "{590776B0-AF07-41C1-8687-D4BA302FBF8F}"
EndProject
Project("{FAE04EC0-301F-11D3-BF4B-00C04F79EFBC}") = "Base.Contracts.BLL", "Base.Contracts.BLL\Base.Contracts.BLL.csproj", "{6220601C-1025-4EF9-961C-B17E2ECEBBA5}"
EndProject
Project("{FAE04EC0-301F-11D3-BF4B-00C04F79EFBC}") = "Base.Resources", "Base.Resources\Base.Resources.csproj", "{31AEDD98-6925-4A93-8DE9-14512E114EE9}"
EndProject
Project("{FAE04EC0-301F-11D3-BF4B-00C04F79EFBC}") = "Helpers", "Helpers\Helpers.csproj", "{165C0EB9-FCD4-40A0-A27C-E2F846F52AF4}"
EndProject
Project("{FAE04EC0-301F-11D3-BF4B-00C04F79EFBC}") = "Base.BLL", "Base.BLL\Base.BLL.csproj", "{AAA65E17-0D2D-499A-8693-0ACDE626A4A0}"
EndProject
Project("{FAE04EC0-301F-11D3-BF4B-00C04F79EFBC}") = "App.BLL", "App.BLL\App.BLL.csproj", "{007EE2C3-7A79-40D2-A19B-64777036B379}"
EndProject
Project("{FAE04EC0-301F-11D3-BF4B-00C04F79EFBC}") = "App.DAL.DTO", "App.DAL.DTO\App.DAL.DTO.csproj", "{60A915F1-0A22-40C1-AC7D-5E0A3C7EC745}"
EndProject
Project("{FAE04EC0-301F-11D3-BF4B-00C04F79EFBC}") = "App.DTO", "App.DTO\App.DTO.csproj", "{C72207F6-961F-4648-9933-86DBED4FF437}"
EndProject
Project("{FAE04EC0-301F-11D3-BF4B-00C04F79EFBC}") = "App.BLL.DTO", "App.BLL.DTO\App.BLL.DTO.csproj", "{E0743C17-9701-485D-87B8-DF5DD2F266BC}"
EndProject
Project("{FAE04EC0-301F-11D3-BF4B-00C04F79EFBC}") = "App.Resources", "App.Resources\App.Resources.csproj", "{1245D438-CA6A-4751-950B-B689E7D0C3AE}"
EndProject
Project("{FAE04EC0-301F-11D3-BF4B-00C04F79EFBC}") = "App.Contracts.BLL", "App.Contracts.BLL\App.Contracts.BLL.csproj", "{7F436B76-196A-49EA-BD8B-CB432A5C2899}"
EndProject
Global
	GlobalSection(SolutionConfigurationPlatforms) = preSolution
		Debug|Any CPU = Debug|Any CPU
		Release|Any CPU = Release|Any CPU
	EndGlobalSection
	GlobalSection(ProjectConfigurationPlatforms) = postSolution
		{FE649CDB-CCB5-4B1D-B457-0CF70AAC9718}.Debug|Any CPU.ActiveCfg = Debug|Any CPU
		{FE649CDB-CCB5-4B1D-B457-0CF70AAC9718}.Debug|Any CPU.Build.0 = Debug|Any CPU
		{FE649CDB-CCB5-4B1D-B457-0CF70AAC9718}.Release|Any CPU.ActiveCfg = Release|Any CPU
		{FE649CDB-CCB5-4B1D-B457-0CF70AAC9718}.Release|Any CPU.Build.0 = Release|Any CPU
		{684CCC8F-E62A-43A1-8E1E-3C40C2A33855}.Debug|Any CPU.ActiveCfg = Debug|Any CPU
		{684CCC8F-E62A-43A1-8E1E-3C40C2A33855}.Debug|Any CPU.Build.0 = Debug|Any CPU
		{684CCC8F-E62A-43A1-8E1E-3C40C2A33855}.Release|Any CPU.ActiveCfg = Release|Any CPU
		{684CCC8F-E62A-43A1-8E1E-3C40C2A33855}.Release|Any CPU.Build.0 = Release|Any CPU
		{9391C3AE-D3E8-42DD-B727-75F1325693E1}.Debug|Any CPU.ActiveCfg = Debug|Any CPU
		{9391C3AE-D3E8-42DD-B727-75F1325693E1}.Debug|Any CPU.Build.0 = Debug|Any CPU
		{9391C3AE-D3E8-42DD-B727-75F1325693E1}.Release|Any CPU.ActiveCfg = Release|Any CPU
		{9391C3AE-D3E8-42DD-B727-75F1325693E1}.Release|Any CPU.Build.0 = Release|Any CPU
		{39FAE350-A60F-4F17-A5BD-EB461046B15D}.Debug|Any CPU.ActiveCfg = Debug|Any CPU
		{39FAE350-A60F-4F17-A5BD-EB461046B15D}.Debug|Any CPU.Build.0 = Debug|Any CPU
		{39FAE350-A60F-4F17-A5BD-EB461046B15D}.Release|Any CPU.ActiveCfg = Release|Any CPU
		{39FAE350-A60F-4F17-A5BD-EB461046B15D}.Release|Any CPU.Build.0 = Release|Any CPU
		{F8E00667-5318-4A16-9765-7B4908F5F964}.Debug|Any CPU.ActiveCfg = Debug|Any CPU
		{F8E00667-5318-4A16-9765-7B4908F5F964}.Debug|Any CPU.Build.0 = Debug|Any CPU
		{F8E00667-5318-4A16-9765-7B4908F5F964}.Release|Any CPU.ActiveCfg = Release|Any CPU
		{F8E00667-5318-4A16-9765-7B4908F5F964}.Release|Any CPU.Build.0 = Release|Any CPU
		{BCA70960-D47F-4D25-81B1-BCADD471B04D}.Debug|Any CPU.ActiveCfg = Debug|Any CPU
		{BCA70960-D47F-4D25-81B1-BCADD471B04D}.Debug|Any CPU.Build.0 = Debug|Any CPU
		{BCA70960-D47F-4D25-81B1-BCADD471B04D}.Release|Any CPU.ActiveCfg = Release|Any CPU
		{BCA70960-D47F-4D25-81B1-BCADD471B04D}.Release|Any CPU.Build.0 = Release|Any CPU
		{A6BD85FF-AC62-4AE5-BBC6-3519B3F479E6}.Debug|Any CPU.ActiveCfg = Debug|Any CPU
		{A6BD85FF-AC62-4AE5-BBC6-3519B3F479E6}.Debug|Any CPU.Build.0 = Debug|Any CPU
		{A6BD85FF-AC62-4AE5-BBC6-3519B3F479E6}.Release|Any CPU.ActiveCfg = Release|Any CPU
		{A6BD85FF-AC62-4AE5-BBC6-3519B3F479E6}.Release|Any CPU.Build.0 = Release|Any CPU
		{590776B0-AF07-41C1-8687-D4BA302FBF8F}.Debug|Any CPU.ActiveCfg = Debug|Any CPU
		{590776B0-AF07-41C1-8687-D4BA302FBF8F}.Debug|Any CPU.Build.0 = Debug|Any CPU
		{590776B0-AF07-41C1-8687-D4BA302FBF8F}.Release|Any CPU.ActiveCfg = Release|Any CPU
		{590776B0-AF07-41C1-8687-D4BA302FBF8F}.Release|Any CPU.Build.0 = Release|Any CPU
		{6220601C-1025-4EF9-961C-B17E2ECEBBA5}.Debug|Any CPU.ActiveCfg = Debug|Any CPU
		{6220601C-1025-4EF9-961C-B17E2ECEBBA5}.Debug|Any CPU.Build.0 = Debug|Any CPU
		{6220601C-1025-4EF9-961C-B17E2ECEBBA5}.Release|Any CPU.ActiveCfg = Release|Any CPU
		{6220601C-1025-4EF9-961C-B17E2ECEBBA5}.Release|Any CPU.Build.0 = Release|Any CPU
		{31AEDD98-6925-4A93-8DE9-14512E114EE9}.Debug|Any CPU.ActiveCfg = Debug|Any CPU
		{31AEDD98-6925-4A93-8DE9-14512E114EE9}.Debug|Any CPU.Build.0 = Debug|Any CPU
		{31AEDD98-6925-4A93-8DE9-14512E114EE9}.Release|Any CPU.ActiveCfg = Release|Any CPU
		{31AEDD98-6925-4A93-8DE9-14512E114EE9}.Release|Any CPU.Build.0 = Release|Any CPU
		{165C0EB9-FCD4-40A0-A27C-E2F846F52AF4}.Debug|Any CPU.ActiveCfg = Debug|Any CPU
		{165C0EB9-FCD4-40A0-A27C-E2F846F52AF4}.Debug|Any CPU.Build.0 = Debug|Any CPU
		{165C0EB9-FCD4-40A0-A27C-E2F846F52AF4}.Release|Any CPU.ActiveCfg = Release|Any CPU
		{165C0EB9-FCD4-40A0-A27C-E2F846F52AF4}.Release|Any CPU.Build.0 = Release|Any CPU
		{AAA65E17-0D2D-499A-8693-0ACDE626A4A0}.Debug|Any CPU.ActiveCfg = Debug|Any CPU
		{AAA65E17-0D2D-499A-8693-0ACDE626A4A0}.Debug|Any CPU.Build.0 = Debug|Any CPU
		{AAA65E17-0D2D-499A-8693-0ACDE626A4A0}.Release|Any CPU.ActiveCfg = Release|Any CPU
		{AAA65E17-0D2D-499A-8693-0ACDE626A4A0}.Release|Any CPU.Build.0 = Release|Any CPU
		{007EE2C3-7A79-40D2-A19B-64777036B379}.Debug|Any CPU.ActiveCfg = Debug|Any CPU
		{007EE2C3-7A79-40D2-A19B-64777036B379}.Debug|Any CPU.Build.0 = Debug|Any CPU
		{007EE2C3-7A79-40D2-A19B-64777036B379}.Release|Any CPU.ActiveCfg = Release|Any CPU
		{007EE2C3-7A79-40D2-A19B-64777036B379}.Release|Any CPU.Build.0 = Release|Any CPU
		{60A915F1-0A22-40C1-AC7D-5E0A3C7EC745}.Debug|Any CPU.ActiveCfg = Debug|Any CPU
		{60A915F1-0A22-40C1-AC7D-5E0A3C7EC745}.Debug|Any CPU.Build.0 = Debug|Any CPU
		{60A915F1-0A22-40C1-AC7D-5E0A3C7EC745}.Release|Any CPU.ActiveCfg = Release|Any CPU
		{60A915F1-0A22-40C1-AC7D-5E0A3C7EC745}.Release|Any CPU.Build.0 = Release|Any CPU
		{C72207F6-961F-4648-9933-86DBED4FF437}.Debug|Any CPU.ActiveCfg = Debug|Any CPU
		{C72207F6-961F-4648-9933-86DBED4FF437}.Debug|Any CPU.Build.0 = Debug|Any CPU
		{C72207F6-961F-4648-9933-86DBED4FF437}.Release|Any CPU.ActiveCfg = Release|Any CPU
		{C72207F6-961F-4648-9933-86DBED4FF437}.Release|Any CPU.Build.0 = Release|Any CPU
		{E0743C17-9701-485D-87B8-DF5DD2F266BC}.Debug|Any CPU.ActiveCfg = Debug|Any CPU
		{E0743C17-9701-485D-87B8-DF5DD2F266BC}.Debug|Any CPU.Build.0 = Debug|Any CPU
		{E0743C17-9701-485D-87B8-DF5DD2F266BC}.Release|Any CPU.ActiveCfg = Release|Any CPU
		{E0743C17-9701-485D-87B8-DF5DD2F266BC}.Release|Any CPU.Build.0 = Release|Any CPU
		{1245D438-CA6A-4751-950B-B689E7D0C3AE}.Debug|Any CPU.ActiveCfg = Debug|Any CPU
		{1245D438-CA6A-4751-950B-B689E7D0C3AE}.Debug|Any CPU.Build.0 = Debug|Any CPU
		{1245D438-CA6A-4751-950B-B689E7D0C3AE}.Release|Any CPU.ActiveCfg = Release|Any CPU
		{1245D438-CA6A-4751-950B-B689E7D0C3AE}.Release|Any CPU.Build.0 = Release|Any CPU
		{7F436B76-196A-49EA-BD8B-CB432A5C2899}.Debug|Any CPU.ActiveCfg = Debug|Any CPU
		{7F436B76-196A-49EA-BD8B-CB432A5C2899}.Debug|Any CPU.Build.0 = Debug|Any CPU
		{7F436B76-196A-49EA-BD8B-CB432A5C2899}.Release|Any CPU.ActiveCfg = Release|Any CPU
		{7F436B76-196A-49EA-BD8B-CB432A5C2899}.Release|Any CPU.Build.0 = Release|Any CPU
	EndGlobalSection
	GlobalSection(NestedProjects) = preSolution
		{684CCC8F-E62A-43A1-8E1E-3C40C2A33855} = {CAA8CD28-08DB-42F3-9E22-847CD3299A17}
		{9391C3AE-D3E8-42DD-B727-75F1325693E1} = {7AC811FD-E44D-401E-9F6B-1E37F44A7604}
		{FE649CDB-CCB5-4B1D-B457-0CF70AAC9718} = {CAA8CD28-08DB-42F3-9E22-847CD3299A17}
		{39FAE350-A60F-4F17-A5BD-EB461046B15D} = {7AC811FD-E44D-401E-9F6B-1E37F44A7604}
		{F8E00667-5318-4A16-9765-7B4908F5F964} = {CAA8CD28-08DB-42F3-9E22-847CD3299A17}
		{BCA70960-D47F-4D25-81B1-BCADD471B04D} = {7AC811FD-E44D-401E-9F6B-1E37F44A7604}
		{A6BD85FF-AC62-4AE5-BBC6-3519B3F479E6} = {7AC811FD-E44D-401E-9F6B-1E37F44A7604}
		{590776B0-AF07-41C1-8687-D4BA302FBF8F} = {CAA8CD28-08DB-42F3-9E22-847CD3299A17}
		{6220601C-1025-4EF9-961C-B17E2ECEBBA5} = {7AC811FD-E44D-401E-9F6B-1E37F44A7604}
		{31AEDD98-6925-4A93-8DE9-14512E114EE9} = {7AC811FD-E44D-401E-9F6B-1E37F44A7604}
		{165C0EB9-FCD4-40A0-A27C-E2F846F52AF4} = {7AC811FD-E44D-401E-9F6B-1E37F44A7604}
		{AAA65E17-0D2D-499A-8693-0ACDE626A4A0} = {7AC811FD-E44D-401E-9F6B-1E37F44A7604}
		{007EE2C3-7A79-40D2-A19B-64777036B379} = {CAA8CD28-08DB-42F3-9E22-847CD3299A17}
		{60A915F1-0A22-40C1-AC7D-5E0A3C7EC745} = {CAA8CD28-08DB-42F3-9E22-847CD3299A17}
		{C72207F6-961F-4648-9933-86DBED4FF437} = {CAA8CD28-08DB-42F3-9E22-847CD3299A17}
		{E0743C17-9701-485D-87B8-DF5DD2F266BC} = {CAA8CD28-08DB-42F3-9E22-847CD3299A17}
		{1245D438-CA6A-4751-950B-B689E7D0C3AE} = {CAA8CD28-08DB-42F3-9E22-847CD3299A17}
		{7F436B76-196A-49EA-BD8B-CB432A5C2899} = {CAA8CD28-08DB-42F3-9E22-847CD3299A17}
	EndGlobalSection
EndGlobal
